
Microsoft Visual Studio Solution File, Format Version 12.00
# Visual Studio Version 17
VisualStudioVersion = 17.5.33414.496
MinimumVisualStudioVersion = 10.0.40219.1
Project("{FAE04EC0-301F-11D3-BF4B-00C04F79EFBC}") = "Privateads", "Privateads\Privateads.csproj", "{360382BD-BCD4-41D5-A35A-323F5B0BCDEC}"
EndProject
Global
	GlobalSection(SolutionConfigurationPlatforms) = preSolution
		Debug|Any CPU = Debug|Any CPU
		Release|Any CPU = Release|Any CPU
	EndGlobalSection
	GlobalSection(ProjectConfigurationPlatforms) = postSolution
		{360382BD-BCD4-41D5-A35A-323F5B0BCDEC}.Debug|Any CPU.ActiveCfg = Debug|Any CPU
		{360382BD-BCD4-41D5-A35A-323F5B0BCDEC}.Debug|Any CPU.Build.0 = Debug|Any CPU
		{360382BD-BCD4-41D5-A35A-323F5B0BCDEC}.Release|Any CPU.ActiveCfg = Release|Any CPU
		{360382BD-BCD4-41D5-A35A-323F5B0BCDEC}.Release|Any CPU.Build.0 = Release|Any CPU
	EndGlobalSection
	GlobalSection(SolutionProperties) = preSolution
		HideSolutionNode = FALSE
	EndGlobalSection
	GlobalSection(ExtensibilityGlobals) = postSolution
		SolutionGuid = {E873B2E0-AD59-4F4D-A576-FC32E60EF5BD}
	EndGlobalSection
EndGlobal
